
Microsoft Visual Studio Solution File, Format Version 12.00
# Visual Studio Version 17
VisualStudioVersion = 17.13.35931.197 d17.13
MinimumVisualStudioVersion = 10.0.40219.1
Project("{FAE04EC0-301F-11D3-BF4B-00C04F79EFBC}") = "VaultWebApplication", "VaultWebApplication\VaultWebApplication.csproj", "{53930934-32A4-4B4D-BCD5-881508DE4B66}"
EndProject
Global
	GlobalSection(SolutionConfigurationPlatforms) = preSolution
		Debug|Any CPU = Debug|Any CPU
		Release|Any CPU = Release|Any CPU
	EndGlobalSection
	GlobalSection(ProjectConfigurationPlatforms) = postSolution
		{53930934-32A4-4B4D-BCD5-881508DE4B66}.Debug|Any CPU.ActiveCfg = Debug|Any CPU
		{53930934-32A4-4B4D-BCD5-881508DE4B66}.Debug|Any CPU.Build.0 = Debug|Any CPU
		{53930934-32A4-4B4D-BCD5-881508DE4B66}.Release|Any CPU.ActiveCfg = Release|Any CPU
		{53930934-32A4-4B4D-BCD5-881508DE4B66}.Release|Any CPU.Build.0 = Release|Any CPU
	EndGlobalSection
	GlobalSection(SolutionProperties) = preSolution
		HideSolutionNode = FALSE
	EndGlobalSection
	GlobalSection(ExtensibilityGlobals) = postSolution
		SolutionGuid = {5F9013E7-7363-4CF8-AD40-A0C5DE01E91D}
	EndGlobalSection
EndGlobal
